
Microsoft Visual Studio Solution File, Format Version 12.00
# Visual Studio 2013
VisualStudioVersion = 12.0.21005.1
MinimumVisualStudioVersion = 10.0.40219.1
Project("{FAE04EC0-301F-11D3-BF4B-00C04F79EFBC}") = "weatherinformation", "weatherinformation\weatherinformation.csproj", "{FC4BD7A7-8F2A-4AAD-A6E6-303AC0066798}"
EndProject
Global
	GlobalSection(SolutionConfigurationPlatforms) = preSolution
		Debug|Any CPU = Debug|Any CPU
		Release|Any CPU = Release|Any CPU
	EndGlobalSection
	GlobalSection(ProjectConfigurationPlatforms) = postSolution
		{FC4BD7A7-8F2A-4AAD-A6E6-303AC0066798}.Debug|Any CPU.ActiveCfg = Debug|Any CPU
		{FC4BD7A7-8F2A-4AAD-A6E6-303AC0066798}.Debug|Any CPU.Build.0 = Debug|Any CPU
		{FC4BD7A7-8F2A-4AAD-A6E6-303AC0066798}.Release|Any CPU.ActiveCfg = Release|Any CPU
		{FC4BD7A7-8F2A-4AAD-A6E6-303AC0066798}.Release|Any CPU.Build.0 = Release|Any CPU
	EndGlobalSection
	GlobalSection(SolutionProperties) = preSolution
		HideSolutionNode = FALSE
	EndGlobalSection
EndGlobal
